<Solution>
  <Configurations>
    <BuildType Name="Azure" />
    <BuildType Name="Development" />
    <Platform Name="Default" />
  </Configurations>
  <Project Path="DataWarehouse_ETL/DataWarehouse_ETL.dtproj" Type="c9674dcb-5085-4a16-b785-4c70dd1589bd">
    <Platform Project="?" />
  </Project>
</Solution>
